// !$*UTF8*$!
{
	archiveVersion = 1;
	classes = {
	};
	objectVersion = 50;
	objects = {

/* Begin PBXBuildFile section */
		0613D21520D54A4A0040C420 /* AppDelegate.swift in Sources */ = {isa = PBXBuildFile; fileRef = 0613D21420D54A4A0040C420 /* AppDelegate.swift */; };
		0613D21720D54A4A0040C420 /* TodoListViewController.swift in Sources */ = {isa = PBXBuildFile; fileRef = 0613D21620D54A4A0040C420 /* TodoListViewController.swift */; };
		0613D21A20D54A4A0040C420 /* Main.storyboard in Resources */ = {isa = PBXBuildFile; fileRef = 0613D21820D54A4A0040C420 /* Main.storyboard */; };
		0613D21C20D54A4D0040C420 /* Assets.xcassets in Resources */ = {isa = PBXBuildFile; fileRef = 0613D21B20D54A4D0040C420 /* Assets.xcassets */; };
		0613D21F20D54A4D0040C420 /* LaunchScreen.storyboard in Resources */ = {isa = PBXBuildFile; fileRef = 0613D21D20D54A4D0040C420 /* LaunchScreen.storyboard */; };
		0613D22720D54F8C0040C420 /* TodoTableViewCell.swift in Sources */ = {isa = PBXBuildFile; fileRef = 0613D22620D54F8C0040C420 /* TodoTableViewCell.swift */; };
		06F9447120D75DB900A43FA4 /* Items.swift in Sources */ = {isa = PBXBuildFile; fileRef = 06F9447020D75DB900A43FA4 /* Items.swift */; };
/* End PBXBuildFile section */

/* Begin PBXFileReference section */
		0613D21120D54A4A0040C420 /* TodoList.app */ = {isa = PBXFileReference; explicitFileType = wrapper.application; includeInIndex = 0; path = TodoList.app; sourceTree = BUILT_PRODUCTS_DIR; };
		0613D21420D54A4A0040C420 /* AppDelegate.swift */ = {isa = PBXFileReference; lastKnownFileType = sourcecode.swift; path = AppDelegate.swift; sourceTree = "<group>"; };
		0613D21620D54A4A0040C420 /* TodoListViewController.swift */ = {isa = PBXFileReference; lastKnownFileType = sourcecode.swift; path = TodoListViewController.swift; sourceTree = "<group>"; };
		0613D21920D54A4A0040C420 /* Base */ = {isa = PBXFileReference; lastKnownFileType = file.storyboard; name = Base; path = Base.lproj/Main.storyboard; sourceTree = "<group>"; };
		0613D21B20D54A4D0040C420 /* Assets.xcassets */ = {isa = PBXFileReference; lastKnownFileType = folder.assetcatalog; path = Assets.xcassets; sourceTree = "<group>"; };
		0613D21E20D54A4D0040C420 /* Base */ = {isa = PBXFileReference; lastKnownFileType = file.storyboard; name = Base; path = Base.lproj/LaunchScreen.storyboard; sourceTree = "<group>"; };
		0613D22020D54A4D0040C420 /* Info.plist */ = {isa = PBXFileReference; lastKnownFileType = text.plist.xml; path = Info.plist; sourceTree = "<group>"; };
		0613D22620D54F8C0040C420 /* TodoTableViewCell.swift */ = {isa = PBXFileReference; lastKnownFileType = sourcecode.swift; path = TodoTableViewCell.swift; sourceTree = "<group>"; };
		06F9447020D75DB900A43FA4 /* Items.swift */ = {isa = PBXFileReference; lastKnownFileType = sourcecode.swift; path = Items.swift; sourceTree = "<group>"; };
/* End PBXFileReference section */

/* Begin PBXFrameworksBuildPhase section */
		0613D20E20D54A4A0040C420 /* Frameworks */ = {
			isa = PBXFrameworksBuildPhase;
			buildActionMask = 2147483647;
			files = (
			);
			runOnlyForDeploymentPostprocessing = 0;
		};
/* End PBXFrameworksBuildPhase section */

/* Begin PBXGroup section */
		0613D20820D54A4A0040C420 = {
			isa = PBXGroup;
			children = (
				0613D21320D54A4A0040C420 /* TodoList */,
				0613D21220D54A4A0040C420 /* Products */,
			);
			sourceTree = "<group>";
		};
		0613D21220D54A4A0040C420 /* Products */ = {
			isa = PBXGroup;
			children = (
				0613D21120D54A4A0040C420 /* TodoList.app */,
			);
			name = Products;
			sourceTree = "<group>";
		};
		0613D21320D54A4A0040C420 /* TodoList */ = {
			isa = PBXGroup;
			children = (
				0613D21420D54A4A0040C420 /* AppDelegate.swift */,
				06F9447320D75EC400A43FA4 /* Controllers */,
				06F9447220D75EAD00A43FA4 /* Data Model */,
				06F9447420D75EDA00A43FA4 /* View */,
				06F9447520D75EE300A43FA4 /* Supporting Files */,
				0613D22020D54A4D0040C420 /* Info.plist */,
			);
			path = TodoList;
			sourceTree = "<group>";
		};
		06F9447220D75EAD00A43FA4 /* Data Model */ = {
			isa = PBXGroup;
			children = (
				06F9447020D75DB900A43FA4 /* Items.swift */,
			);
			path = "Data Model";
			sourceTree = "<group>";
		};
		06F9447320D75EC400A43FA4 /* Controllers */ = {
			isa = PBXGroup;
			children = (
				0613D21620D54A4A0040C420 /* TodoListViewController.swift */,
				0613D22620D54F8C0040C420 /* TodoTableViewCell.swift */,
			);
			path = Controllers;
			sourceTree = "<group>";
		};
		06F9447420D75EDA00A43FA4 /* View */ = {
			isa = PBXGroup;
			children = (
				0613D21820D54A4A0040C420 /* Main.storyboard */,
			);
			path = View;
			sourceTree = "<group>";
		};
		06F9447520D75EE300A43FA4 /* Supporting Files */ = {
			isa = PBXGroup;
			children = (
				0613D21B20D54A4D0040C420 /* Assets.xcassets */,
				0613D21D20D54A4D0040C420 /* LaunchScreen.storyboard */,
			);
			path = "Supporting Files";
			sourceTree = "<group>";
		};
/* End PBXGroup section */

/* Begin PBXNativeTarget section */
		0613D21020D54A4A0040C420 /* TodoList */ = {
			isa = PBXNativeTarget;
			buildConfigurationList = 0613D22320D54A4D0040C420 /* Build configuration list for PBXNativeTarget "TodoList" */;
			buildPhases = (
				0613D20D20D54A4A0040C420 /* Sources */,
				0613D20E20D54A4A0040C420 /* Frameworks */,
				0613D20F20D54A4A0040C420 /* Resources */,
			);
			buildRules = (
			);
			dependencies = (
			);
			name = TodoList;
			productName = TodoList;
			productReference = 0613D21120D54A4A0040C420 /* TodoList.app */;
			productType = "com.apple.product-type.application";
		};
/* End PBXNativeTarget section */

/* Begin PBXProject section */
		0613D20920D54A4A0040C420 /* Project object */ = {
			isa = PBXProject;
			attributes = {
				LastSwiftUpdateCheck = 0930;
				LastUpgradeCheck = 0930;
				ORGANIZATIONNAME = "krishnaveni kulkarni";
				TargetAttributes = {
					0613D21020D54A4A0040C420 = {
						CreatedOnToolsVersion = 9.3;
					};
				};
			};
			buildConfigurationList = 0613D20C20D54A4A0040C420 /* Build configuration list for PBXProject "TodoList" */;
			compatibilityVersion = "Xcode 9.3";
			developmentRegion = en;
			hasScannedForEncodings = 0;
			knownRegions = (
				en,
				Base,
			);
			mainGroup = 0613D20820D54A4A0040C420;
			productRefGroup = 0613D21220D54A4A0040C420 /* Products */;
			projectDirPath = "";
			projectRoot = "";
			targets = (
				0613D21020D54A4A0040C420 /* TodoList */,
			);
		};
/* End PBXProject section */

/* Begin PBXResourcesBuildPhase section */
		0613D20F20D54A4A0040C420 /* Resources */ = {
			isa = PBXResourcesBuildPhase;
			buildActionMask = 2147483647;
			files = (
				0613D21F20D54A4D0040C420 /* LaunchScreen.storyboard in Resources */,
				0613D21C20D54A4D0040C420 /* Assets.xcassets in Resources */,
				0613D21A20D54A4A0040C420 /* Main.storyboard in Resources */,
			);
			runOnlyForDeploymentPostprocessing = 0;
		};
/* End PBXResourcesBuildPhase section */

/* Begin PBXSourcesBuildPhase section */
		0613D20D20D54A4A0040C420 /* Sources */ = {
			isa = PBXSourcesBuildPhase;
			buildActionMask = 2147483647;
			files = (
				06F9447120D75DB900A43FA4 /* Items.swift in Sources */,
				0613D22720D54F8C0040C420 /* TodoTableViewCell.swift in Sources */,
				0613D21720D54A4A0040C420 /* TodoListViewController.swift in Sources */,
				0613D21520D54A4A0040C420 /* AppDelegate.swift in Sources */,
			);
			runOnlyForDeploymentPostprocessing = 0;
		};
/* End PBXSourcesBuildPhase section */

/* Begin PBXVariantGroup section */
		0613D21820D54A4A0040C420 /* Main.storyboard */ = {
			isa = PBXVariantGroup;
			children = (
				0613D21920D54A4A0040C420 /* Base */,
			);
			name = Main.storyboard;
			sourceTree = "<group>";
		};
		0613D21D20D54A4D0040C420 /* LaunchScreen.storyboard */ = {
			isa = PBXVariantGroup;
			children = (
				0613D21E20D54A4D0040C420 /* Base */,
			);
			name = LaunchScreen.storyboard;
			sourceTree = "<group>";
		};
/* End PBXVariantGroup section */

/* Begin XCBuildConfiguration section */
		0613D22120D54A4D0040C420 /* Debug */ = {
			isa = XCBuildConfiguration;
			buildSettings = {
				ALWAYS_SEARCH_USER_PATHS = NO;
				CLANG_ANALYZER_NONNULL = YES;
				CLANG_ANALYZER_NUMBER_OBJECT_CONVERSION = YES_AGGRESSIVE;
				CLANG_CXX_LANGUAGE_STANDARD = "gnu++14";
				CLANG_CXX_LIBRARY = "libc++";
				CLANG_ENABLE_MODULES = YES;
				CLANG_ENABLE_OBJC_ARC = YES;
				CLANG_ENABLE_OBJC_WEAK = YES;
				CLANG_WARN_BLOCK_CAPTURE_AUTORELEASING = YES;
				CLANG_WARN_BOOL_CONVERSION = YES;
				CLANG_WARN_COMMA = YES;
				CLANG_WARN_CONSTANT_CONVERSION = YES;
				CLANG_WARN_DEPRECATED_OBJC_IMPLEMENTATIONS = YES;
				CLANG_WARN_DIRECT_OBJC_ISA_USAGE = YES_ERROR;
				CLANG_WARN_DOCUMENTATION_COMMENTS = YES;
				CLANG_WARN_EMPTY_BODY = YES;
				CLANG_WARN_ENUM_CONVERSION = YES;
				CLANG_WARN_INFINITE_RECURSION = YES;
				CLANG_WARN_INT_CONVERSION = YES;
				CLANG_WARN_NON_LITERAL_NULL_CONVERSION = YES;
				CLANG_WARN_OBJC_IMPLICIT_RETAIN_SELF = YES;
				CLANG_WARN_OBJC_LITERAL_CONVERSION = YES;
				CLANG_WARN_OBJC_ROOT_CLASS = YES_ERROR;
				CLANG_WARN_RANGE_LOOP_ANALYSIS = YES;
				CLANG_WARN_STRICT_PROTOTYPES = YES;
				CLANG_WARN_SUSPICIOUS_MOVE = YES;
				CLANG_WARN_UNGUARDED_AVAILABILITY = YES_AGGRESSIVE;
				CLANG_WARN_UNREACHABLE_CODE = YES;
				CLANG_WARN__DUPLICATE_METHOD_MATCH = YES;
				CODE_SIGN_IDENTITY = "iPhone Developer";
				COPY_PHASE_STRIP = NO;
				DEBUG_INFORMATION_FORMAT = dwarf;
				ENABLE_STRICT_OBJC_MSGSEND = YES;
				ENABLE_TESTABILITY = YES;
				GCC_C_LANGUAGE_STANDARD = gnu11;
				GCC_DYNAMIC_NO_PIC = NO;
				GCC_NO_COMMON_BLOCKS = YES;
				GCC_OPTIMIZATION_LEVEL = 0;
				GCC_PREPROCESSOR_DEFINITIONS = (
					"DEBUG=1",
					"$(inherited)",
				);
				GCC_WARN_64_TO_32_BIT_CONVERSION = YES;
				GCC_WARN_ABOUT_RETURN_TYPE = YES_ERROR;
				GCC_WARN_UNDECLARED_SELECTOR = YES;
				GCC_WARN_UNINITIALIZED_AUTOS = YES_AGGRESSIVE;
				GCC_WARN_UNUSED_FUNCTION = YES;
				GCC_WARN_UNUSED_VARIABLE = YES;
				IPHONEOS_DEPLOYMENT_TARGET = 11.3;
				MTL_ENABLE_DEBUG_INFO = YES;
				ONLY_ACTIVE_ARCH = YES;
				SDKROOT = iphoneos;
				SWIFT_ACTIVE_COMPILATION_CONDITIONS = DEBUG;
				SWIFT_OPTIMIZATION_LEVEL = "-Onone";
			};
			name = Debug;
		};
		0613D22220D54A4D0040C420 /* Release */ = {
			isa = XCBuildConfiguration;
			buildSettings = {
				ALWAYS_SEARCH_USER_PATHS = NO;
				CLANG_ANALYZER_NONNULL = YES;
				CLANG_ANALYZER_NUMBER_OBJECT_CONVERSION = YES_AGGRESSIVE;
				CLANG_CXX_LANGUAGE_STANDARD = "gnu++14";
				CLANG_CXX_LIBRARY = "libc++";
				CLANG_ENABLE_MODULES = YES;
				CLANG_ENABLE_OBJC_ARC = YES;
				CLANG_ENABLE_OBJC_WEAK = YES;
				CLANG_WARN_BLOCK_CAPTURE_AUTORELEASING = YES;
				CLANG_WARN_BOOL_CONVERSION = YES;
				CLANG_WARN_COMMA = YES;
				CLANG_WARN_CONSTANT_CONVERSION = YES;
				CLANG_WARN_DEPRECATED_OBJC_IMPLEMENTATIONS = YES;
				CLANG_WARN_DIRECT_OBJC_ISA_USAGE = YES_ERROR;
				CLANG_WARN_DOCUMENTATION_COMMENTS = YES;
				CLANG_WARN_EMPTY_BODY = YES;
				CLANG_WARN_ENUM_CONVERSION = YES;
				CLANG_WARN_INFINITE_RECURSION = YES;
				CLANG_WARN_INT_CONVERSION = YES;
				CLANG_WARN_NON_LITERAL_NULL_CONVERSION = YES;
				CLANG_WARN_OBJC_IMPLICIT_RETAIN_SELF = YES;
				CLANG_WARN_OBJC_LITERAL_CONVERSION = YES;
				CLANG_WARN_OBJC_ROOT_CLASS = YES_ERROR;
				CLANG_WARN_RANGE_LOOP_ANALYSIS = YES;
				CLANG_WARN_STRICT_PROTOTYPES = YES;
				CLANG_WARN_SUSPICIOUS_MOVE = YES;
				CLANG_WARN_UNGUARDED_AVAILABILITY = YES_AGGRESSIVE;
				CLANG_WARN_UNREACHABLE_CODE = YES;
				CLANG_WARN__DUPLICATE_METHOD_MATCH = YES;
				CODE_SIGN_IDENTITY = "iPhone Developer";
				COPY_PHASE_STRIP = NO;
				DEBUG_INFORMATION_FORMAT = "dwarf-with-dsym";
				ENABLE_NS_ASSERTIONS = NO;
				ENABLE_STRICT_OBJC_MSGSEND = YES;
				GCC_C_LANGUAGE_STANDARD = gnu11;
				GCC_NO_COMMON_BLOCKS = YES;
				GCC_WARN_64_TO_32_BIT_CONVERSION = YES;
				GCC_WARN_ABOUT_RETURN_TYPE = YES_ERROR;
				GCC_WARN_UNDECLARED_SELECTOR = YES;
				GCC_WARN_UNINITIALIZED_AUTOS = YES_AGGRESSIVE;
				GCC_WARN_UNUSED_FUNCTION = YES;
				GCC_WARN_UNUSED_VARIABLE = YES;
				IPHONEOS_DEPLOYMENT_TARGET = 11.3;
				MTL_ENABLE_DEBUG_INFO = NO;
				SDKROOT = iphoneos;
				SWIFT_COMPILATION_MODE = wholemodule;
				SWIFT_OPTIMIZATION_LEVEL = "-O";
				VALIDATE_PRODUCT = YES;
			};
			name = Release;
		};
		0613D22420D54A4D0040C420 /* Debug */ = {
			isa = XCBuildConfiguration;
			buildSettings = {
				ASSETCATALOG_COMPILER_APPICON_NAME = AppIcon;
				CODE_SIGN_STYLE = Automatic;
				INFOPLIST_FILE = TodoList/Info.plist;
				LD_RUNPATH_SEARCH_PATHS = (
					"$(inherited)",
					"@executable_path/Frameworks",
				);
				PRODUCT_BUNDLE_IDENTIFIER = com.krishnavenikulkarni.TodoList;
				PRODUCT_NAME = "$(TARGET_NAME)";
				SWIFT_VERSION = 4.0;
				TARGETED_DEVICE_FAMILY = "1,2";
			};
			name = Debug;
		};
		0613D22520D54A4D0040C420 /* Release */ = {
			isa = XCBuildConfiguration;
			buildSettings = {
				ASSETCATALOG_COMPILER_APPICON_NAME = AppIcon;
				CODE_SIGN_STYLE = Automatic;
				INFOPLIST_FILE = TodoList/Info.plist;
				LD_RUNPATH_SEARCH_PATHS = (
					"$(inherited)",
					"@executable_path/Frameworks",
				);
				PRODUCT_BUNDLE_IDENTIFIER = com.krishnavenikulkarni.TodoList;
				PRODUCT_NAME = "$(TARGET_NAME)";
				SWIFT_VERSION = 4.0;
				TARGETED_DEVICE_FAMILY = "1,2";
			};
			name = Release;
		};
/* End XCBuildConfiguration section */

/* Begin XCConfigurationList section */
		0613D20C20D54A4A0040C420 /* Build configuration list for PBXProject "TodoList" */ = {
			isa = XCConfigurationList;
			buildConfigurations = (
				0613D22120D54A4D0040C420 /* Debug */,
				0613D22220D54A4D0040C420 /* Release */,
			);
			defaultConfigurationIsVisible = 0;
			defaultConfigurationName = Release;
		};
		0613D22320D54A4D0040C420 /* Build configuration list for PBXNativeTarget "TodoList" */ = {
			isa = XCConfigurationList;
			buildConfigurations = (
				0613D22420D54A4D0040C420 /* Debug */,
				0613D22520D54A4D0040C420 /* Release */,
			);
			defaultConfigurationIsVisible = 0;
			defaultConfigurationName = Release;
		};
/* End XCConfigurationList section */
	};
	rootObject = 0613D20920D54A4A0040C420 /* Project object */;
}
